// !$*UTF8*$!
{
	archiveVersion = 1;
	classes = {
	};
	objectVersion = 46;
	objects = {

/* Begin PBXBuildFile section */
		338726AF1CFF9CB30061149C /* AppDelegate.swift in Sources */ = {isa = PBXBuildFile; fileRef = 338726AE1CFF9CB30061149C /* AppDelegate.swift */; };
		338726B11CFF9CB30061149C /* ViewController.swift in Sources */ = {isa = PBXBuildFile; fileRef = 338726B01CFF9CB30061149C /* ViewController.swift */; };
		338726B41CFF9CB30061149C /* Main.storyboard in Resources */ = {isa = PBXBuildFile; fileRef = 338726B21CFF9CB30061149C /* Main.storyboard */; };
		338726B71CFF9CB30061149C /* recipez.xcdatamodeld in Sources */ = {isa = PBXBuildFile; fileRef = 338726B51CFF9CB30061149C /* recipez.xcdatamodeld */; };
		338726B91CFF9CB30061149C /* Assets.xcassets in Resources */ = {isa = PBXBuildFile; fileRef = 338726B81CFF9CB30061149C /* Assets.xcassets */; };
		338726BC1CFF9CB30061149C /* LaunchScreen.storyboard in Resources */ = {isa = PBXBuildFile; fileRef = 338726BA1CFF9CB30061149C /* LaunchScreen.storyboard */; };
/* End PBXBuildFile section */

/* Begin PBXFileReference section */
		338726AB1CFF9CB20061149C /* recipez.app */ = {isa = PBXFileReference; explicitFileType = wrapper.application; includeInIndex = 0; path = recipez.app; sourceTree = BUILT_PRODUCTS_DIR; };
		338726AE1CFF9CB30061149C /* AppDelegate.swift */ = {isa = PBXFileReference; lastKnownFileType = sourcecode.swift; path = AppDelegate.swift; sourceTree = "<group>"; };
		338726B01CFF9CB30061149C /* ViewController.swift */ = {isa = PBXFileReference; lastKnownFileType = sourcecode.swift; path = ViewController.swift; sourceTree = "<group>"; };
		338726B31CFF9CB30061149C /* Base */ = {isa = PBXFileReference; lastKnownFileType = file.storyboard; name = Base; path = Base.lproj/Main.storyboard; sourceTree = "<group>"; };
		338726B61CFF9CB30061149C /* recipez.xcdatamodel */ = {isa = PBXFileReference; lastKnownFileType = wrapper.xcdatamodel; path = recipez.xcdatamodel; sourceTree = "<group>"; };
		338726B81CFF9CB30061149C /* Assets.xcassets */ = {isa = PBXFileReference; lastKnownFileType = folder.assetcatalog; path = Assets.xcassets; sourceTree = "<group>"; };
		338726BB1CFF9CB30061149C /* Base */ = {isa = PBXFileReference; lastKnownFileType = file.storyboard; name = Base; path = Base.lproj/LaunchScreen.storyboard; sourceTree = "<group>"; };
		338726BD1CFF9CB30061149C /* Info.plist */ = {isa = PBXFileReference; lastKnownFileType = text.plist.xml; path = Info.plist; sourceTree = "<group>"; };
/* End PBXFileReference section */

/* Begin PBXFrameworksBuildPhase section */
		338726A81CFF9CB20061149C /* Frameworks */ = {
			isa = PBXFrameworksBuildPhase;
			buildActionMask = 2147483647;
			files = (
			);
			runOnlyForDeploymentPostprocessing = 0;
		};
/* End PBXFrameworksBuildPhase section */

/* Begin PBXGroup section */
		338726A21CFF9CB20061149C = {
			isa = PBXGroup;
			children = (
				338726AD1CFF9CB20061149C /* recipez */,
				338726AC1CFF9CB20061149C /* Products */,
			);
			sourceTree = "<group>";
		};
		338726AC1CFF9CB20061149C /* Products */ = {
			isa = PBXGroup;
			children = (
				338726AB1CFF9CB20061149C /* recipez.app */,
			);
			name = Products;
			sourceTree = "<group>";
		};
		338726AD1CFF9CB20061149C /* recipez */ = {
			isa = PBXGroup;
			children = (
				338726AE1CFF9CB30061149C /* AppDelegate.swift */,
				338726B01CFF9CB30061149C /* ViewController.swift */,
				338726B21CFF9CB30061149C /* Main.storyboard */,
				338726B81CFF9CB30061149C /* Assets.xcassets */,
				338726BA1CFF9CB30061149C /* LaunchScreen.storyboard */,
				338726BD1CFF9CB30061149C /* Info.plist */,
				338726B51CFF9CB30061149C /* recipez.xcdatamodeld */,
			);
			path = recipez;
			sourceTree = "<group>";
		};
/* End PBXGroup section */

/* Begin PBXNativeTarget section */
		338726AA1CFF9CB20061149C /* recipez */ = {
			isa = PBXNativeTarget;
			buildConfigurationList = 338726C01CFF9CB30061149C /* Build configuration list for PBXNativeTarget "recipez" */;
			buildPhases = (
				338726A71CFF9CB20061149C /* Sources */,
				338726A81CFF9CB20061149C /* Frameworks */,
				338726A91CFF9CB20061149C /* Resources */,
			);
			buildRules = (
			);
			dependencies = (
			);
			name = recipez;
			productName = recipez;
			productReference = 338726AB1CFF9CB20061149C /* recipez.app */;
			productType = "com.apple.product-type.application";
		};
/* End PBXNativeTarget section */

/* Begin PBXProject section */
		338726A31CFF9CB20061149C /* Project object */ = {
			isa = PBXProject;
			attributes = {
				LastSwiftUpdateCheck = 0730;
				LastUpgradeCheck = 0730;
				ORGANIZATIONNAME = "Ellen Shin";
				TargetAttributes = {
					338726AA1CFF9CB20061149C = {
						CreatedOnToolsVersion = 7.3.1;
					};
				};
			};
			buildConfigurationList = 338726A61CFF9CB20061149C /* Build configuration list for PBXProject "recipez" */;
			compatibilityVersion = "Xcode 3.2";
			developmentRegion = English;
			hasScannedForEncodings = 0;
			knownRegions = (
				en,
				Base,
			);
			mainGroup = 338726A21CFF9CB20061149C;
			productRefGroup = 338726AC1CFF9CB20061149C /* Products */;
			projectDirPath = "";
			projectRoot = "";
			targets = (
				338726AA1CFF9CB20061149C /* recipez */,
			);
		};
/* End PBXProject section */

/* Begin PBXResourcesBuildPhase section */
		338726A91CFF9CB20061149C /* Resources */ = {
			isa = PBXResourcesBuildPhase;
			buildActionMask = 2147483647;
			files = (
				338726BC1CFF9CB30061149C /* LaunchScreen.storyboard in Resources */,
				338726B91CFF9CB30061149C /* Assets.xcassets in Resources */,
				338726B41CFF9CB30061149C /* Main.storyboard in Resources */,
			);
			runOnlyForDeploymentPostprocessing = 0;
		};
/* End PBXResourcesBuildPhase section */

/* Begin PBXSourcesBuildPhase section */
		338726A71CFF9CB20061149C /* Sources */ = {
			isa = PBXSourcesBuildPhase;
			buildActionMask = 2147483647;
			files = (
				338726B11CFF9CB30061149C /* ViewController.swift in Sources */,
				338726AF1CFF9CB30061149C /* AppDelegate.swift in Sources */,
				338726B71CFF9CB30061149C /* recipez.xcdatamodeld in Sources */,
			);
			runOnlyForDeploymentPostprocessing = 0;
		};
/* End PBXSourcesBuildPhase section */

/* Begin PBXVariantGroup section */
		338726B21CFF9CB30061149C /* Main.storyboard */ = {
			isa = PBXVariantGroup;
			children = (
				338726B31CFF9CB30061149C /* Base */,
			);
			name = Main.storyboard;
			sourceTree = "<group>";
		};
		338726BA1CFF9CB30061149C /* LaunchScreen.storyboard */ = {
			isa = PBXVariantGroup;
			children = (
				338726BB1CFF9CB30061149C /* Base */,
			);
			name = LaunchScreen.storyboard;
			sourceTree = "<group>";
		};
/* End PBXVariantGroup section */

/* Begin XCBuildConfiguration section */
		338726BE1CFF9CB30061149C /* Debug */ = {
			isa = XCBuildConfiguration;
			buildSettings = {
				ALWAYS_SEARCH_USER_PATHS = NO;
				CLANG_ANALYZER_NONNULL = YES;
				CLANG_CXX_LANGUAGE_STANDARD = "gnu++0x";
				CLANG_CXX_LIBRARY = "libc++";
				CLANG_ENABLE_MODULES = YES;
				CLANG_ENABLE_OBJC_ARC = YES;
				CLANG_WARN_BOOL_CONVERSION = YES;
				CLANG_WARN_CONSTANT_CONVERSION = YES;
				CLANG_WARN_DIRECT_OBJC_ISA_USAGE = YES_ERROR;
				CLANG_WARN_EMPTY_BODY = YES;
				CLANG_WARN_ENUM_CONVERSION = YES;
				CLANG_WARN_INT_CONVERSION = YES;
				CLANG_WARN_OBJC_ROOT_CLASS = YES_ERROR;
				CLANG_WARN_UNREACHABLE_CODE = YES;
				CLANG_WARN__DUPLICATE_METHOD_MATCH = YES;
				"CODE_SIGN_IDENTITY[sdk=iphoneos*]" = "iPhone Developer";
				COPY_PHASE_STRIP = NO;
				DEBUG_INFORMATION_FORMAT = dwarf;
				ENABLE_STRICT_OBJC_MSGSEND = YES;
				ENABLE_TESTABILITY = YES;
				GCC_C_LANGUAGE_STANDARD = gnu99;
				GCC_DYNAMIC_NO_PIC = NO;
				GCC_NO_COMMON_BLOCKS = YES;
				GCC_OPTIMIZATION_LEVEL = 0;
				GCC_PREPROCESSOR_DEFINITIONS = (
					"DEBUG=1",
					"$(inherited)",
				);
				GCC_WARN_64_TO_32_BIT_CONVERSION = YES;
				GCC_WARN_ABOUT_RETURN_TYPE = YES_ERROR;
				GCC_WARN_UNDECLARED_SELECTOR = YES;
				GCC_WARN_UNINITIALIZED_AUTOS = YES_AGGRESSIVE;
				GCC_WARN_UNUSED_FUNCTION = YES;
				GCC_WARN_UNUSED_VARIABLE = YES;
				IPHONEOS_DEPLOYMENT_TARGET = 9.3;
				MTL_ENABLE_DEBUG_INFO = YES;
				ONLY_ACTIVE_ARCH = YES;
				SDKROOT = iphoneos;
				SWIFT_OPTIMIZATION_LEVEL = "-Onone";
			};
			name = Debug;
		};
		338726BF1CFF9CB30061149C /* Release */ = {
			isa = XCBuildConfiguration;
			buildSettings = {
				ALWAYS_SEARCH_USER_PATHS = NO;
				CLANG_ANALYZER_NONNULL = YES;
				CLANG_CXX_LANGUAGE_STANDARD = "gnu++0x";
				CLANG_CXX_LIBRARY = "libc++";
				CLANG_ENABLE_MODULES = YES;
				CLANG_ENABLE_OBJC_ARC = YES;
				CLANG_WARN_BOOL_CONVERSION = YES;
				CLANG_WARN_CONSTANT_CONVERSION = YES;
				CLANG_WARN_DIRECT_OBJC_ISA_USAGE = YES_ERROR;
				CLANG_WARN_EMPTY_BODY = YES;
				CLANG_WARN_ENUM_CONVERSION = YES;
				CLANG_WARN_INT_CONVERSION = YES;
				CLANG_WARN_OBJC_ROOT_CLASS = YES_ERROR;
				CLANG_WARN_UNREACHABLE_CODE = YES;
				CLANG_WARN__DUPLICATE_METHOD_MATCH = YES;
				"CODE_SIGN_IDENTITY[sdk=iphoneos*]" = "iPhone Developer";
				COPY_PHASE_STRIP = NO;
				DEBUG_INFORMATION_FORMAT = "dwarf-with-dsym";
				ENABLE_NS_ASSERTIONS = NO;
				ENABLE_STRICT_OBJC_MSGSEND = YES;
				GCC_C_LANGUAGE_STANDARD = gnu99;
				GCC_NO_COMMON_BLOCKS = YES;
				GCC_WARN_64_TO_32_BIT_CONVERSION = YES;
				GCC_WARN_ABOUT_RETURN_TYPE = YES_ERROR;
				GCC_WARN_UNDECLARED_SELECTOR = YES;
				GCC_WARN_UNINITIALIZED_AUTOS = YES_AGGRESSIVE;
				GCC_WARN_UNUSED_FUNCTION = YES;
				GCC_WARN_UNUSED_VARIABLE = YES;
				IPHONEOS_DEPLOYMENT_TARGET = 9.3;
				MTL_ENABLE_DEBUG_INFO = NO;
				SDKROOT = iphoneos;
				VALIDATE_PRODUCT = YES;
			};
			name = Release;
		};
		338726C11CFF9CB30061149C /* Debug */ = {
			isa = XCBuildConfiguration;
			buildSettings = {
				ASSETCATALOG_COMPILER_APPICON_NAME = AppIcon;
				INFOPLIST_FILE = recipez/Info.plist;
				LD_RUNPATH_SEARCH_PATHS = "$(inherited) @executable_path/Frameworks";
				PRODUCT_BUNDLE_IDENTIFIER = com.ellenshin.recipez;
				PRODUCT_NAME = "$(TARGET_NAME)";
			};
			name = Debug;
		};
		338726C21CFF9CB30061149C /* Release */ = {
			isa = XCBuildConfiguration;
			buildSettings = {
				ASSETCATALOG_COMPILER_APPICON_NAME = AppIcon;
				INFOPLIST_FILE = recipez/Info.plist;
				LD_RUNPATH_SEARCH_PATHS = "$(inherited) @executable_path/Frameworks";
				PRODUCT_BUNDLE_IDENTIFIER = com.ellenshin.recipez;
				PRODUCT_NAME = "$(TARGET_NAME)";
			};
			name = Release;
		};
/* End XCBuildConfiguration section */

/* Begin XCConfigurationList section */
		338726A61CFF9CB20061149C /* Build configuration list for PBXProject "recipez" */ = {
			isa = XCConfigurationList;
			buildConfigurations = (
				338726BE1CFF9CB30061149C /* Debug */,
				338726BF1CFF9CB30061149C /* Release */,
			);
			defaultConfigurationIsVisible = 0;
			defaultConfigurationName = Release;
		};
		338726C01CFF9CB30061149C /* Build configuration list for PBXNativeTarget "recipez" */ = {
			isa = XCConfigurationList;
			buildConfigurations = (
				338726C11CFF9CB30061149C /* Debug */,
				338726C21CFF9CB30061149C /* Release */,
			);
			defaultConfigurationIsVisible = 0;
		};
/* End XCConfigurationList section */

/* Begin XCVersionGroup section */
		338726B51CFF9CB30061149C /* recipez.xcdatamodeld */ = {
			isa = XCVersionGroup;
			children = (
				338726B61CFF9CB30061149C /* recipez.xcdatamodel */,
			);
			currentVersion = 338726B61CFF9CB30061149C /* recipez.xcdatamodel */;
			path = recipez.xcdatamodeld;
			sourceTree = "<group>";
			versionGroupType = wrapper.xcdatamodel;
		};
/* End XCVersionGroup section */
	};
	rootObject = 338726A31CFF9CB20061149C /* Project object */;
}
